
Microsoft Visual Studio Solution File, Format Version 12.00
# Visual Studio Version 17
VisualStudioVersion = 17.0.31903.59
MinimumVisualStudioVersion = 10.0.40219.1
Project("{9A19103F-16F7-4668-BE54-9A1E7A4F7556}") = "Api", "Api\Api.csproj", "{904B1A34-DFAC-4E40-BAE6-1853F3DCDD0F}"
EndProject
Project("{9A19103F-16F7-4668-BE54-9A1E7A4F7556}") = "Domain", "Domain\Domain.csproj", "{44A0FC5D-7654-47F0-BEE2-B8C4914CD2B3}"
EndProject
Project("{9A19103F-16F7-4668-BE54-9A1E7A4F7556}") = "Business", "Business\Business.csproj", "{819CE5E7-1CB0-43D7-BE2A-D9B6E96D2425}"
EndProject
Project("{9A19103F-16F7-4668-BE54-9A1E7A4F7556}") = "Infra", "Infra\Infra.csproj", "{7EEB2F39-645F-4C6B-B84B-44AC4310884C}"
EndProject
Project("{E53339B2-1760-4266-BCC7-CA923CBCF16C}") = "docker-compose", "docker-compose.dcproj", "{626A1934-B74A-495F-8798-254313444BB0}"
EndProject
Global
	GlobalSection(SolutionConfigurationPlatforms) = preSolution
		Debug|Any CPU = Debug|Any CPU
		Release|Any CPU = Release|Any CPU
	EndGlobalSection
	GlobalSection(ProjectConfigurationPlatforms) = postSolution
		{904B1A34-DFAC-4E40-BAE6-1853F3DCDD0F}.Debug|Any CPU.ActiveCfg = Debug|Any CPU
		{904B1A34-DFAC-4E40-BAE6-1853F3DCDD0F}.Debug|Any CPU.Build.0 = Debug|Any CPU
		{904B1A34-DFAC-4E40-BAE6-1853F3DCDD0F}.Release|Any CPU.ActiveCfg = Release|Any CPU
		{904B1A34-DFAC-4E40-BAE6-1853F3DCDD0F}.Release|Any CPU.Build.0 = Release|Any CPU
		{44A0FC5D-7654-47F0-BEE2-B8C4914CD2B3}.Debug|Any CPU.ActiveCfg = Debug|Any CPU
		{44A0FC5D-7654-47F0-BEE2-B8C4914CD2B3}.Debug|Any CPU.Build.0 = Debug|Any CPU
		{44A0FC5D-7654-47F0-BEE2-B8C4914CD2B3}.Release|Any CPU.ActiveCfg = Release|Any CPU
		{44A0FC5D-7654-47F0-BEE2-B8C4914CD2B3}.Release|Any CPU.Build.0 = Release|Any CPU
		{819CE5E7-1CB0-43D7-BE2A-D9B6E96D2425}.Debug|Any CPU.ActiveCfg = Debug|Any CPU
		{819CE5E7-1CB0-43D7-BE2A-D9B6E96D2425}.Debug|Any CPU.Build.0 = Debug|Any CPU
		{819CE5E7-1CB0-43D7-BE2A-D9B6E96D2425}.Release|Any CPU.ActiveCfg = Release|Any CPU
		{819CE5E7-1CB0-43D7-BE2A-D9B6E96D2425}.Release|Any CPU.Build.0 = Release|Any CPU
		{7EEB2F39-645F-4C6B-B84B-44AC4310884C}.Debug|Any CPU.ActiveCfg = Debug|Any CPU
		{7EEB2F39-645F-4C6B-B84B-44AC4310884C}.Debug|Any CPU.Build.0 = Debug|Any CPU
		{7EEB2F39-645F-4C6B-B84B-44AC4310884C}.Release|Any CPU.ActiveCfg = Release|Any CPU
		{7EEB2F39-645F-4C6B-B84B-44AC4310884C}.Release|Any CPU.Build.0 = Release|Any CPU
		{626A1934-B74A-495F-8798-254313444BB0}.Debug|Any CPU.ActiveCfg = Debug|Any CPU
		{626A1934-B74A-495F-8798-254313444BB0}.Debug|Any CPU.Build.0 = Debug|Any CPU
		{626A1934-B74A-495F-8798-254313444BB0}.Release|Any CPU.ActiveCfg = Release|Any CPU
		{626A1934-B74A-495F-8798-254313444BB0}.Release|Any CPU.Build.0 = Release|Any CPU
	EndGlobalSection
	GlobalSection(SolutionProperties) = preSolution
		HideSolutionNode = FALSE
	EndGlobalSection
	GlobalSection(ExtensibilityGlobals) = postSolution
		SolutionGuid = {160DBCE3-4836-435C-9AA8-2B7B37D7B5AA}
	EndGlobalSection
EndGlobal
